// !$*UTF8*$!
{
	archiveVersion = 1;
	classes = {
	};
	objectVersion = 50;
	objects = {

/* Begin PBXBuildFile section */
		547B0F202498707300898A47 /* SurveySparrowSdk.framework in Frameworks */ = {isa = PBXBuildFile; fileRef = 547B0F162498707300898A47 /* SurveySparrowSdk.framework */; };
		547B0F252498707300898A47 /* SurveySparrowSdkTests.swift in Sources */ = {isa = PBXBuildFile; fileRef = 547B0F242498707300898A47 /* SurveySparrowSdkTests.swift */; };
		547B0F272498707300898A47 /* SurveySparrowSdk.h in Headers */ = {isa = PBXBuildFile; fileRef = 547B0F192498707300898A47 /* SurveySparrowSdk.h */; settings = {ATTRIBUTES = (Public, ); }; };
		547B0F312498707300898A47 /* SsSurveyViewController.swift in Sources */ = {isa = PBXBuildFile; fileRef = 547B0F302498707300898A47 /* SsSurveyViewController.swift */; };
		547B0F332498707300898A47 /* SsSurveyView.swift in Sources */ = {isa = PBXBuildFile; fileRef = 547B0F322498707300898A47 /* SsSurveyView.swift */; };
		547B0F352498707300898A47 /* SsSurveyDelegate.swift in Sources */ = {isa = PBXBuildFile; fileRef = 547B0F342498707300898A47 /* SsSurveyDelegate.swift */; };
		547B108A2498B26700898A47 /* SurveySparrow.swift in Sources */ = {isa = PBXBuildFile; fileRef = 547B10892498B26700898A47 /* SurveySparrow.swift */; };
/* End PBXBuildFile section */

/* Begin PBXContainerItemProxy section */
		547B0F212498707300898A47 /* PBXContainerItemProxy */ = {
			isa = PBXContainerItemProxy;
			containerPortal = 547B0F0D2498707300898A47 /* Project object */;
			proxyType = 1;
			remoteGlobalIDString = 547B0F152498707300898A47;
			remoteInfo = SurveySparrowSdk;
		};
/* End PBXContainerItemProxy section */

/* Begin PBXFileReference section */
		547B0F162498707300898A47 /* SurveySparrowSdk.framework */ = {isa = PBXFileReference; explicitFileType = wrapper.framework; includeInIndex = 0; path = SurveySparrowSdk.framework; sourceTree = BUILT_PRODUCTS_DIR; };
		547B0F192498707300898A47 /* SurveySparrowSdk.h */ = {isa = PBXFileReference; lastKnownFileType = sourcecode.c.h; path = SurveySparrowSdk.h; sourceTree = "<group>"; };
		547B0F1A2498707300898A47 /* Info.plist */ = {isa = PBXFileReference; lastKnownFileType = text.plist.xml; path = Info.plist; sourceTree = "<group>"; };
		547B0F1F2498707300898A47 /* SurveySparrowSdkTests.xctest */ = {isa = PBXFileReference; explicitFileType = wrapper.cfbundle; includeInIndex = 0; path = SurveySparrowSdkTests.xctest; sourceTree = BUILT_PRODUCTS_DIR; };
		547B0F242498707300898A47 /* SurveySparrowSdkTests.swift */ = {isa = PBXFileReference; lastKnownFileType = sourcecode.swift; path = SurveySparrowSdkTests.swift; sourceTree = "<group>"; };
		547B0F262498707300898A47 /* Info.plist */ = {isa = PBXFileReference; lastKnownFileType = text.plist.xml; path = Info.plist; sourceTree = "<group>"; };
		547B0F302498707300898A47 /* SsSurveyViewController.swift */ = {isa = PBXFileReference; lastKnownFileType = sourcecode.swift; path = SsSurveyViewController.swift; sourceTree = "<group>"; };
		547B0F322498707300898A47 /* SsSurveyView.swift */ = {isa = PBXFileReference; lastKnownFileType = sourcecode.swift; path = SsSurveyView.swift; sourceTree = "<group>"; };
		547B0F342498707300898A47 /* SsSurveyDelegate.swift */ = {isa = PBXFileReference; lastKnownFileType = sourcecode.swift; path = SsSurveyDelegate.swift; sourceTree = "<group>"; };
		547B10892498B26700898A47 /* SurveySparrow.swift */ = {isa = PBXFileReference; lastKnownFileType = sourcecode.swift; path = SurveySparrow.swift; sourceTree = "<group>"; };
/* End PBXFileReference section */

/* Begin PBXFrameworksBuildPhase section */
		547B0F132498707300898A47 /* Frameworks */ = {
			isa = PBXFrameworksBuildPhase;
			buildActionMask = 2147483647;
			files = (
			);
			runOnlyForDeploymentPostprocessing = 0;
		};
		547B0F1C2498707300898A47 /* Frameworks */ = {
			isa = PBXFrameworksBuildPhase;
			buildActionMask = 2147483647;
			files = (
				547B0F202498707300898A47 /* SurveySparrowSdk.framework in Frameworks */,
			);
			runOnlyForDeploymentPostprocessing = 0;
		};
/* End PBXFrameworksBuildPhase section */

/* Begin PBXGroup section */
		547B0F0C2498707300898A47 = {
			isa = PBXGroup;
			children = (
				547B0F182498707300898A47 /* SurveySparrowSdk */,
				547B0F232498707300898A47 /* SurveySparrowSdkTests */,
				547B0F172498707300898A47 /* Products */,
			);
			sourceTree = "<group>";
		};
		547B0F172498707300898A47 /* Products */ = {
			isa = PBXGroup;
			children = (
				547B0F162498707300898A47 /* SurveySparrowSdk.framework */,
				547B0F1F2498707300898A47 /* SurveySparrowSdkTests.xctest */,
			);
			name = Products;
			sourceTree = "<group>";
		};
		547B0F182498707300898A47 /* SurveySparrowSdk */ = {
			isa = PBXGroup;
			children = (
				547B0F192498707300898A47 /* SurveySparrowSdk.h */,
				547B0F1A2498707300898A47 /* Info.plist */,
				547B10892498B26700898A47 /* SurveySparrow.swift */,
				547B0F322498707300898A47 /* SsSurveyView.swift */,
				547B0F302498707300898A47 /* SsSurveyViewController.swift */,
				547B0F342498707300898A47 /* SsSurveyDelegate.swift */,
			);
			path = SurveySparrowSdk;
			sourceTree = "<group>";
		};
		547B0F232498707300898A47 /* SurveySparrowSdkTests */ = {
			isa = PBXGroup;
			children = (
				547B0F242498707300898A47 /* SurveySparrowSdkTests.swift */,
				547B0F262498707300898A47 /* Info.plist */,
			);
			path = SurveySparrowSdkTests;
			sourceTree = "<group>";
		};
/* End PBXGroup section */

/* Begin PBXHeadersBuildPhase section */
		547B0F112498707300898A47 /* Headers */ = {
			isa = PBXHeadersBuildPhase;
			buildActionMask = 2147483647;
			files = (
				547B0F272498707300898A47 /* SurveySparrowSdk.h in Headers */,
			);
			runOnlyForDeploymentPostprocessing = 0;
		};
/* End PBXHeadersBuildPhase section */

/* Begin PBXNativeTarget section */
		547B0F152498707300898A47 /* SurveySparrowSdk */ = {
			isa = PBXNativeTarget;
			buildConfigurationList = 547B0F2A2498707300898A47 /* Build configuration list for PBXNativeTarget "SurveySparrowSdk" */;
			buildPhases = (
				547B0F112498707300898A47 /* Headers */,
				547B0F122498707300898A47 /* Sources */,
				547B0F132498707300898A47 /* Frameworks */,
				547B0F142498707300898A47 /* Resources */,
			);
			buildRules = (
			);
			dependencies = (
			);
			name = SurveySparrowSdk;
			productName = SurveySparrowSdk;
			productReference = 547B0F162498707300898A47 /* SurveySparrowSdk.framework */;
			productType = "com.apple.product-type.framework";
		};
		547B0F1E2498707300898A47 /* SurveySparrowSdkTests */ = {
			isa = PBXNativeTarget;
			buildConfigurationList = 547B0F2D2498707300898A47 /* Build configuration list for PBXNativeTarget "SurveySparrowSdkTests" */;
			buildPhases = (
				547B0F1B2498707300898A47 /* Sources */,
				547B0F1C2498707300898A47 /* Frameworks */,
				547B0F1D2498707300898A47 /* Resources */,
			);
			buildRules = (
			);
			dependencies = (
				547B0F222498707300898A47 /* PBXTargetDependency */,
			);
			name = SurveySparrowSdkTests;
			productName = SurveySparrowSdkTests;
			productReference = 547B0F1F2498707300898A47 /* SurveySparrowSdkTests.xctest */;
			productType = "com.apple.product-type.bundle.unit-test";
		};
/* End PBXNativeTarget section */

/* Begin PBXProject section */
		547B0F0D2498707300898A47 /* Project object */ = {
			isa = PBXProject;
			attributes = {
				LastSwiftUpdateCheck = 1130;
				LastUpgradeCheck = 1130;
				ORGANIZATIONNAME = SurveySparrow;
				TargetAttributes = {
					547B0F152498707300898A47 = {
						CreatedOnToolsVersion = 11.3.1;
						LastSwiftMigration = 1130;
					};
					547B0F1E2498707300898A47 = {
						CreatedOnToolsVersion = 11.3.1;
					};
				};
			};
			buildConfigurationList = 547B0F102498707300898A47 /* Build configuration list for PBXProject "SurveySparrowSdk" */;
			compatibilityVersion = "Xcode 9.3";
			developmentRegion = en;
			hasScannedForEncodings = 0;
			knownRegions = (
				en,
				Base,
			);
			mainGroup = 547B0F0C2498707300898A47;
			productRefGroup = 547B0F172498707300898A47 /* Products */;
			projectDirPath = "";
			projectRoot = "";
			targets = (
				547B0F152498707300898A47 /* SurveySparrowSdk */,
				547B0F1E2498707300898A47 /* SurveySparrowSdkTests */,
			);
		};
/* End PBXProject section */

/* Begin PBXResourcesBuildPhase section */
		547B0F142498707300898A47 /* Resources */ = {
			isa = PBXResourcesBuildPhase;
			buildActionMask = 2147483647;
			files = (
			);
			runOnlyForDeploymentPostprocessing = 0;
		};
		547B0F1D2498707300898A47 /* Resources */ = {
			isa = PBXResourcesBuildPhase;
			buildActionMask = 2147483647;
			files = (
			);
			runOnlyForDeploymentPostprocessing = 0;
		};
/* End PBXResourcesBuildPhase section */

/* Begin PBXSourcesBuildPhase section */
		547B0F122498707300898A47 /* Sources */ = {
			isa = PBXSourcesBuildPhase;
			buildActionMask = 2147483647;
			files = (
				547B0F352498707300898A47 /* SsSurveyDelegate.swift in Sources */,
				547B0F332498707300898A47 /* SsSurveyView.swift in Sources */,
				547B108A2498B26700898A47 /* SurveySparrow.swift in Sources */,
				547B0F312498707300898A47 /* SsSurveyViewController.swift in Sources */,
			);
			runOnlyForDeploymentPostprocessing = 0;
		};
		547B0F1B2498707300898A47 /* Sources */ = {
			isa = PBXSourcesBuildPhase;
			buildActionMask = 2147483647;
			files = (
				547B0F252498707300898A47 /* SurveySparrowSdkTests.swift in Sources */,
			);
			runOnlyForDeploymentPostprocessing = 0;
		};
/* End PBXSourcesBuildPhase section */

/* Begin PBXTargetDependency section */
		547B0F222498707300898A47 /* PBXTargetDependency */ = {
			isa = PBXTargetDependency;
			target = 547B0F152498707300898A47 /* SurveySparrowSdk */;
			targetProxy = 547B0F212498707300898A47 /* PBXContainerItemProxy */;
		};
/* End PBXTargetDependency section */

/* Begin XCBuildConfiguration section */
		547B0F282498707300898A47 /* Debug */ = {
			isa = XCBuildConfiguration;
			buildSettings = {
				ALWAYS_SEARCH_USER_PATHS = NO;
				CLANG_ANALYZER_NONNULL = YES;
				CLANG_ANALYZER_NUMBER_OBJECT_CONVERSION = YES_AGGRESSIVE;
				CLANG_CXX_LANGUAGE_STANDARD = "gnu++14";
				CLANG_CXX_LIBRARY = "libc++";
				CLANG_ENABLE_MODULES = YES;
				CLANG_ENABLE_OBJC_ARC = YES;
				CLANG_ENABLE_OBJC_WEAK = YES;
				CLANG_WARN_BLOCK_CAPTURE_AUTORELEASING = YES;
				CLANG_WARN_BOOL_CONVERSION = YES;
				CLANG_WARN_COMMA = YES;
				CLANG_WARN_CONSTANT_CONVERSION = YES;
				CLANG_WARN_DEPRECATED_OBJC_IMPLEMENTATIONS = YES;
				CLANG_WARN_DIRECT_OBJC_ISA_USAGE = YES_ERROR;
				CLANG_WARN_DOCUMENTATION_COMMENTS = YES;
				CLANG_WARN_EMPTY_BODY = YES;
				CLANG_WARN_ENUM_CONVERSION = YES;
				CLANG_WARN_INFINITE_RECURSION = YES;
				CLANG_WARN_INT_CONVERSION = YES;
				CLANG_WARN_NON_LITERAL_NULL_CONVERSION = YES;
				CLANG_WARN_OBJC_IMPLICIT_RETAIN_SELF = YES;
				CLANG_WARN_OBJC_LITERAL_CONVERSION = YES;
				CLANG_WARN_OBJC_ROOT_CLASS = YES_ERROR;
				CLANG_WARN_RANGE_LOOP_ANALYSIS = YES;
				CLANG_WARN_STRICT_PROTOTYPES = YES;
				CLANG_WARN_SUSPICIOUS_MOVE = YES;
				CLANG_WARN_UNGUARDED_AVAILABILITY = YES_AGGRESSIVE;
				CLANG_WARN_UNREACHABLE_CODE = YES;
				CLANG_WARN__DUPLICATE_METHOD_MATCH = YES;
				COPY_PHASE_STRIP = NO;
				CURRENT_PROJECT_VERSION = 1;
				DEBUG_INFORMATION_FORMAT = dwarf;
				ENABLE_STRICT_OBJC_MSGSEND = YES;
				ENABLE_TESTABILITY = YES;
				GCC_C_LANGUAGE_STANDARD = gnu11;
				GCC_DYNAMIC_NO_PIC = NO;
				GCC_NO_COMMON_BLOCKS = YES;
				GCC_OPTIMIZATION_LEVEL = 0;
				GCC_PREPROCESSOR_DEFINITIONS = (
					"DEBUG=1",
					"$(inherited)",
				);
				GCC_WARN_64_TO_32_BIT_CONVERSION = YES;
				GCC_WARN_ABOUT_RETURN_TYPE = YES_ERROR;
				GCC_WARN_UNDECLARED_SELECTOR = YES;
				GCC_WARN_UNINITIALIZED_AUTOS = YES_AGGRESSIVE;
				GCC_WARN_UNUSED_FUNCTION = YES;
				GCC_WARN_UNUSED_VARIABLE = YES;
				IPHONEOS_DEPLOYMENT_TARGET = 9.0;
				MTL_ENABLE_DEBUG_INFO = INCLUDE_SOURCE;
				MTL_FAST_MATH = YES;
				ONLY_ACTIVE_ARCH = NO;
				SDKROOT = iphoneos;
				SWIFT_ACTIVE_COMPILATION_CONDITIONS = DEBUG;
				SWIFT_OPTIMIZATION_LEVEL = "-Onone";
				VALID_ARCHS = "arm64 arm64e armv7 armv7s x86_64 x86";
				VERSIONING_SYSTEM = "apple-generic";
				VERSION_INFO_PREFIX = "";
			};
			name = Debug;
		};
		547B0F292498707300898A47 /* Release */ = {
			isa = XCBuildConfiguration;
			buildSettings = {
				ALWAYS_SEARCH_USER_PATHS = NO;
				CLANG_ANALYZER_NONNULL = YES;
				CLANG_ANALYZER_NUMBER_OBJECT_CONVERSION = YES_AGGRESSIVE;
				CLANG_CXX_LANGUAGE_STANDARD = "gnu++14";
				CLANG_CXX_LIBRARY = "libc++";
				CLANG_ENABLE_MODULES = YES;
				CLANG_ENABLE_OBJC_ARC = YES;
				CLANG_ENABLE_OBJC_WEAK = YES;
				CLANG_WARN_BLOCK_CAPTURE_AUTORELEASING = YES;
				CLANG_WARN_BOOL_CONVERSION = YES;
				CLANG_WARN_COMMA = YES;
				CLANG_WARN_CONSTANT_CONVERSION = YES;
				CLANG_WARN_DEPRECATED_OBJC_IMPLEMENTATIONS = YES;
				CLANG_WARN_DIRECT_OBJC_ISA_USAGE = YES_ERROR;
				CLANG_WARN_DOCUMENTATION_COMMENTS = YES;
				CLANG_WARN_EMPTY_BODY = YES;
				CLANG_WARN_ENUM_CONVERSION = YES;
				CLANG_WARN_INFINITE_RECURSION = YES;
				CLANG_WARN_INT_CONVERSION = YES;
				CLANG_WARN_NON_LITERAL_NULL_CONVERSION = YES;
				CLANG_WARN_OBJC_IMPLICIT_RETAIN_SELF = YES;
				CLANG_WARN_OBJC_LITERAL_CONVERSION = YES;
				CLANG_WARN_OBJC_ROOT_CLASS = YES_ERROR;
				CLANG_WARN_RANGE_LOOP_ANALYSIS = YES;
				CLANG_WARN_STRICT_PROTOTYPES = YES;
				CLANG_WARN_SUSPICIOUS_MOVE = YES;
				CLANG_WARN_UNGUARDED_AVAILABILITY = YES_AGGRESSIVE;
				CLANG_WARN_UNREACHABLE_CODE = YES;
				CLANG_WARN__DUPLICATE_METHOD_MATCH = YES;
				COPY_PHASE_STRIP = NO;
				CURRENT_PROJECT_VERSION = 1;
				DEBUG_INFORMATION_FORMAT = "dwarf-with-dsym";
				ENABLE_NS_ASSERTIONS = NO;
				ENABLE_STRICT_OBJC_MSGSEND = YES;
				GCC_C_LANGUAGE_STANDARD = gnu11;
				GCC_NO_COMMON_BLOCKS = YES;
				GCC_WARN_64_TO_32_BIT_CONVERSION = YES;
				GCC_WARN_ABOUT_RETURN_TYPE = YES_ERROR;
				GCC_WARN_UNDECLARED_SELECTOR = YES;
				GCC_WARN_UNINITIALIZED_AUTOS = YES_AGGRESSIVE;
				GCC_WARN_UNUSED_FUNCTION = YES;
				GCC_WARN_UNUSED_VARIABLE = YES;
				IPHONEOS_DEPLOYMENT_TARGET = 9.0;
				MTL_ENABLE_DEBUG_INFO = NO;
				MTL_FAST_MATH = YES;
				SDKROOT = iphoneos;
				SWIFT_COMPILATION_MODE = wholemodule;
				SWIFT_OPTIMIZATION_LEVEL = "-O";
				VALIDATE_PRODUCT = YES;
				VALID_ARCHS = "arm64 arm64e armv7 armv7s x86_64 x86";
				VERSIONING_SYSTEM = "apple-generic";
				VERSION_INFO_PREFIX = "";
			};
			name = Release;
		};
		547B0F2B2498707300898A47 /* Debug */ = {
			isa = XCBuildConfiguration;
			buildSettings = {
				CLANG_ENABLE_MODULES = YES;
				CODE_SIGN_STYLE = Automatic;
				CURRENT_PROJECT_VERSION = 2;
				DEFINES_MODULE = YES;
				DEVELOPMENT_TEAM = K82TH94VUY;
				DYLIB_COMPATIBILITY_VERSION = 1;
				DYLIB_CURRENT_VERSION = 1;
				DYLIB_INSTALL_NAME_BASE = "@rpath";
				INFOPLIST_FILE = SurveySparrowSdk/Info.plist;
				INSTALL_PATH = "$(LOCAL_LIBRARY_DIR)/Frameworks";
				IPHONEOS_DEPLOYMENT_TARGET = 9.0;
				LD_RUNPATH_SEARCH_PATHS = (
					"$(inherited)",
					"@executable_path/Frameworks",
					"@loader_path/Frameworks",
				);
				MARKETING_VERSION = 0.2.0;
				PRODUCT_BUNDLE_IDENTIFIER = com.surveysparrow.SurveySparrowSdk;
				PRODUCT_NAME = "$(TARGET_NAME:c99extidentifier)";
				SKIP_INSTALL = YES;
				SUPPORTS_MACCATALYST = NO;
				SWIFT_OPTIMIZATION_LEVEL = "-Onone";
				SWIFT_VERSION = 5.0;
				TARGETED_DEVICE_FAMILY = "1,2";
				VALID_ARCHS = "arm64 arm64e armv7 armv7s x86_64 i386";
			};
			name = Debug;
		};
		547B0F2C2498707300898A47 /* Release */ = {
			isa = XCBuildConfiguration;
			buildSettings = {
				CLANG_ENABLE_MODULES = YES;
				CODE_SIGN_STYLE = Automatic;
				CURRENT_PROJECT_VERSION = 2;
				DEFINES_MODULE = YES;
				DEVELOPMENT_TEAM = K82TH94VUY;
				DYLIB_COMPATIBILITY_VERSION = 1;
				DYLIB_CURRENT_VERSION = 1;
				DYLIB_INSTALL_NAME_BASE = "@rpath";
				INFOPLIST_FILE = SurveySparrowSdk/Info.plist;
				INSTALL_PATH = "$(LOCAL_LIBRARY_DIR)/Frameworks";
				IPHONEOS_DEPLOYMENT_TARGET = 9.0;
				LD_RUNPATH_SEARCH_PATHS = (
					"$(inherited)",
					"@executable_path/Frameworks",
					"@loader_path/Frameworks",
				);
				MARKETING_VERSION = 0.2.0;
				PRODUCT_BUNDLE_IDENTIFIER = com.surveysparrow.SurveySparrowSdk;
				PRODUCT_NAME = "$(TARGET_NAME:c99extidentifier)";
				SKIP_INSTALL = YES;
				SUPPORTS_MACCATALYST = NO;
				SWIFT_VERSION = 5.0;
				TARGETED_DEVICE_FAMILY = "1,2";
				VALID_ARCHS = "arm64 arm64e armv7 armv7s x86_64 i386";
			};
			name = Release;
		};
		547B0F2E2498707300898A47 /* Debug */ = {
			isa = XCBuildConfiguration;
			buildSettings = {
				ALWAYS_EMBED_SWIFT_STANDARD_LIBRARIES = YES;
				CODE_SIGN_STYLE = Automatic;
				DEVELOPMENT_TEAM = K82TH94VUY;
				INFOPLIST_FILE = SurveySparrowSdkTests/Info.plist;
				LD_RUNPATH_SEARCH_PATHS = (
					"$(inherited)",
					"@executable_path/Frameworks",
					"@loader_path/Frameworks",
				);
				PRODUCT_BUNDLE_IDENTIFIER = com.surveysparrow.SurveySparrowSdkTests;
				PRODUCT_NAME = "$(TARGET_NAME)";
				SWIFT_VERSION = 5.0;
				TARGETED_DEVICE_FAMILY = "1,2";
			};
			name = Debug;
		};
		547B0F2F2498707300898A47 /* Release */ = {
			isa = XCBuildConfiguration;
			buildSettings = {
				ALWAYS_EMBED_SWIFT_STANDARD_LIBRARIES = YES;
				CODE_SIGN_STYLE = Automatic;
				DEVELOPMENT_TEAM = K82TH94VUY;
				INFOPLIST_FILE = SurveySparrowSdkTests/Info.plist;
				LD_RUNPATH_SEARCH_PATHS = (
					"$(inherited)",
					"@executable_path/Frameworks",
					"@loader_path/Frameworks",
				);
				PRODUCT_BUNDLE_IDENTIFIER = com.surveysparrow.SurveySparrowSdkTests;
				PRODUCT_NAME = "$(TARGET_NAME)";
				SWIFT_VERSION = 5.0;
				TARGETED_DEVICE_FAMILY = "1,2";
			};
			name = Release;
		};
/* End XCBuildConfiguration section */

/* Begin XCConfigurationList section */
		547B0F102498707300898A47 /* Build configuration list for PBXProject "SurveySparrowSdk" */ = {
			isa = XCConfigurationList;
			buildConfigurations = (
				547B0F282498707300898A47 /* Debug */,
				547B0F292498707300898A47 /* Release */,
			);
			defaultConfigurationIsVisible = 0;
			defaultConfigurationName = Release;
		};
		547B0F2A2498707300898A47 /* Build configuration list for PBXNativeTarget "SurveySparrowSdk" */ = {
			isa = XCConfigurationList;
			buildConfigurations = (
				547B0F2B2498707300898A47 /* Debug */,
				547B0F2C2498707300898A47 /* Release */,
			);
			defaultConfigurationIsVisible = 0;
			defaultConfigurationName = Release;
		};
		547B0F2D2498707300898A47 /* Build configuration list for PBXNativeTarget "SurveySparrowSdkTests" */ = {
			isa = XCConfigurationList;
			buildConfigurations = (
				547B0F2E2498707300898A47 /* Debug */,
				547B0F2F2498707300898A47 /* Release */,
			);
			defaultConfigurationIsVisible = 0;
			defaultConfigurationName = Release;
		};
/* End XCConfigurationList section */
	};
	rootObject = 547B0F0D2498707300898A47 /* Project object */;
}
