PODS:
  - SurveySparrowSdk (0.4.7)

DEPENDENCIES:
  - SurveySparrowSdk (from `/Users/gokulkrishnaraju/Gk/SurveySparrow/surveysparrow-ios-sdk`)

EXTERNAL SOURCES:
  SurveySparrowSdk:
    :path: "/Users/gokulkrishnaraju/Gk/SurveySparrow/surveysparrow-ios-sdk"

SPEC CHECKSUMS:
  SurveySparrowSdk: aed84379019f3003f1e451e0b5531cce885335df

PODFILE CHECKSUM: 598205271a443b0a30920b10802dc46b7c295909

COCOAPODS: 1.15.2
